
Microsoft Visual Studio Solution File, Format Version 12.00
# Visual Studio 15
VisualStudioVersion = 15.0.27004.2005
MinimumVisualStudioVersion = 10.0.40219.1
Project("{FAE04EC0-301F-11D3-BF4B-00C04F79EFBC}") = "CryptoScheduler", "CryptoScheduler\CryptoScheduler.csproj", "{49383259-A636-4375-AD20-592875C9960A}"
EndProject
Global
	GlobalSection(SolutionConfigurationPlatforms) = preSolution
		Debug|Any CPU = Debug|Any CPU
		Release|Any CPU = Release|Any CPU
	EndGlobalSection
	GlobalSection(ProjectConfigurationPlatforms) = postSolution
		{49383259-A636-4375-AD20-592875C9960A}.Debug|Any CPU.ActiveCfg = Debug|Any CPU
		{49383259-A636-4375-AD20-592875C9960A}.Debug|Any CPU.Build.0 = Debug|Any CPU
		{49383259-A636-4375-AD20-592875C9960A}.Release|Any CPU.ActiveCfg = Release|Any CPU
		{49383259-A636-4375-AD20-592875C9960A}.Release|Any CPU.Build.0 = Release|Any CPU
	EndGlobalSection
	GlobalSection(SolutionProperties) = preSolution
		HideSolutionNode = FALSE
	EndGlobalSection
	GlobalSection(ExtensibilityGlobals) = postSolution
		SolutionGuid = {1BE3B353-55CA-4C00-936E-C25DF87BB230}
	EndGlobalSection
EndGlobal
